-----BEGIN ENCRYPTED PRIVATE KEY-----
MIIJrTBXBgkqhkiG9w0BBQ0wSjApBgkqhkiG9w0BBQwwHAQIPCdds9tDk4wCAggA
MAwGCCqGSIb3DQIJBQAwHQYJYIZIAWUDBAEqBBDJfYisOFkXyt1UcMscyh1eBIIJ
UFgM7t9ZehF7ZzkBAxqc9iWiEGe+uFNNLQ8Y48BCb2qhgqb5tEK3iGrPVC4F+tCB
k/4BY8r5aixuAlLeguAs1D866A4LmnsAIPsQiI+q1nBFk9LzDEEBBjquLX+09h6A
4iN8nNHqn7eGeowrC7xCc6+RETbHieGoOuG1YHby2pwSHUVIHoGfsyvAow7WRqXa
BsTmCQR4CG6IVvp11R08DG3T6Z2XYDkuBRfNS/wJOwcJlHC1TGi+q2a2CpqGwBWb
vr/9ugrYWJus8KdnbL5h5ue+2BZpxZ9OXA5sdgIdvq4qgLvsHkY8sd9DNkLBXmII
KAPyy/K/iYn4quArppJ17TJm62HD6flBv+rCLebZyIzIG4DwunOn31xjwjF3yAOI
s9NvwlfM/yMzEAH5WetNFxxHAQdMIAU2SG2gGapiObusuNdb3RBOkEih0F56oxdn
n/PrP2/t95H/fP8bKv8PrmBHFbI8HzJbiPuNutfJXraTF+TDOe371qIQBwhXlmYv
5/clMIu5UWha+EEC3xdo0zxjyZ7hQ2Es38HGKuJRXfHUEHELjlKd+HrdvWvpiQFe
kvU+A5sO+ZjrWJ/GflOLFyb1nfqIyrpgBtfOZThgwChtvnF8KVRFFOapdhCnN5cA
oMm5J9IdqddONaESJFBQz1DryFCgSNCALyP5dZfc+hoO8v88ztY5/7FZNpINjH0n
2pqyBrTltow9g1LNsoPz3ahtCd7DkKQqDGkhY88a53R/oUnc65Di3pwNe6kPlL3a
NXurnK/wXTwcbl/fHL3TJecbDCORgzRsRRcW/EZ19zghJi29X8VPywS1wEH2WgF6
e6QjF9DPCVy4PEJxjIWUoxFNrMqrf3XuGZAD4fiFQtEhHoLTvcR6MDeMsUx21z0c
fcmfJ8JOt79bNTN34HFbvizk57BLMOZnw83FrruSA5WnfszimsDDPjV8J0FxkxP8
QvIbwfeRGvmfPeon1401KG7Me9XIgF7xBi1YwXRMqbwNfMiX+2mhs39OPe0MPKpe
iiom3aQNUSyuH2Y3LpL97gUH8UXMHEktI55y6SC0NqZnc46JrLEBSqBFswugJgx2
9s5kOBpE7I7PmZ5pPJQvwiz3PCPaN8ayx9X845FQaCFovX1AOnkvk+r8TZWLOA3W
CLSp7PH5gAv+kNZ0WAqfJZ6RydXW4cBPUKKE8oy6QkRkW0ROZiOVJ4K6PvccILUR
8I6+JgclYYwgD0KoKFi+/BR6vBEXRM6EOAJIh6nC1yNr1C+2L5IMsLJxa+9I/+WS
PPS/6Y4EOMCWlmFJU+kyOTvdPPf/AfxYmzjnAe51YnrVJnX+KVPJHEj6LwGOb145
1qJ9hYfgPvJ2Cu0jIk6lY4kcuWq/fsKHMngVBwbI3vZ99/uai518GZYp67vM1Hxy
evUl2goZ+3XuGeufbKJquw9sh8OlaQjBnMmnTTy0xw34LS2Oy/QljWXSOtjs+Kj3
VaXrE0qtAcRYoFSJdFRazivrBIILh2JRYpULvEGVqdtdVuEQztqBeqPe9wmoqHJF
GGowQYF+x5kcnqkMA9iW37RULEOtxo3HzxuJZ5Q0l1mbXn0IFhgvUVBSePgNjyY9
iF9Sn6g4nGHGvd4Rca4vWcQLFealtlo/quT05jRImZMvhmbnnGHCcD5XN/E2ngf4
vAxdteRVCtQl3wu2FiVmKm4OsPqtJSAoNe9S41vw6gK7Z2GgPs5XZ5dUvMwDnd1i
I5zZpkJC77QQYDJE8VnFiAlibraYh/vfKtCJd/VxK4RfLSyPJqNRpOyfM4xkT8Ay
hCYSnwYDjfJQzD81q6Xnv7K+3QV3XVqt38BB423YQ4vfjHGzMIVFXxKgm0TeM19O
ZRfUkLp/E7J9RKpJpEMrItaZ+j+GruJKWcGA0P3wQT/9ieUNTN+idm/jggUHLYl6
Una2Qb1PzSpJ+lUqjPVIfnsVgv8Hn2ajIZGzsAQ9yXafBdez8jxQ2Or4JtQbTCoI
0PO2MAWLFW1FyHXv6eLPrxUFHGJ9v6XzY+5KkFWKZDNXrTkHC7m49t8RXghzuvWi
k6fUAjPrHFSBd9PD37zNmss0GDPUdt/ZoAYbd1RBQ9YkZsbiQZFrL9BsWjZMSZGB
bUoV/8UBwjRTNjit6miK74FxG7eIiwODkq7bm5SnQnl0BQEPnnTb17B3S/7JdAD0
YBeQKsVFrbOj4rqyyImIOEe9htG5sVHqWPbKGlg/r1NRCAbWc4KPRWmW9znQxJO6
/n3o3024TaLbc4TYpiqzZht6vfyEUvynYk8XYH6F0Amb75FyvC/l0QpAdJWW4KJ1
V8kWIylAoEZrhRTU0Lwgx8bNKExOAHJ3ayE7tmrNahwDU2hgcc0rOE1RTc5dRRmi
LKlazB7Rkb0egskdtx7CDqplpv/uvdv9/fQLNZuNG5I/T42QEs1sjKj0fW2Ii1A2
BQyD+LZ5A7a+7JsoSmj7enqVPg8VgBoxnErvRxmhhS4vkVRYZhdk/Ad4t94qY0qR
p9Nv9asTKrCYtxFJFPCiv3daKUJMsVX9z1W2CpGkiwj3ixw5Ylz+1/nswdkeG2u2
S/HsJOuVypMirCqetcEDsKq630CA23bFCHJJ2sJGHOPmS/7frwfJ6fanQPo14Ln5
6z1HX78TydokaoQxOO3CfBXN62qC52siSgKIWDy3+dY58z+Y9ByR3xE4jKU7Kt4S
TshZlPQklImwRjgGVd1CeCaePOy7OCA6VwOqi51Va69yBV3pAt1IPzvjF6OPjXIg
66PAyNyOfOGqp+PIjSpFyyikPAYv8L67cqB04DWIgQkG/QE/tKR5teu6IF7MMJMa
bB6qcg74EonGfcBkKayoeVPSXnPRZfn31F4i+GJ3IbIAfH/t3S8B1XyTQmfGz5Yh
CTVQa8T5BQS+cmooIStot8m4eCfRu8wPsRrgbWM9mzo2eERPWv2TFQFkZzgm5apr
thuFE6fV4N7vC9JdcgjCz+iv8G63bI6huM42gzKHF9mTuMv80HK1qwASI8tAaK87
p8C3D4tNyw0ddOK7+LhSymSvUx1nyo+ZnpL9AYjvvXnnsWaNUvEPvW3wX+9T8RTO
sBUdOC2vQ9DaTbvzzkH0l3KVX/JpduzL/DTCLM7/9MPEnBjdl0CwholqPk6vGSv8
uu+BcvWXBhAdOESxO+7VzxpDLtva29NyRNQ5gic/mdYA
-----END ENCRYPTED PRIVATE KEY-----
